
Microsoft Visual Studio Solution File, Format Version 12.00
# Visual Studio Version 17
VisualStudioVersion = 17.13.35825.156 d17.13
MinimumVisualStudioVersion = 10.0.40219.1
Project("{FAE04EC0-301F-11D3-BF4B-00C04F79EFBC}") = "AppParking", "AppParking\AppParking.csproj", "{4E351D8D-5567-4149-B004-E2EE7BC26DDB}"
EndProject
Global
	GlobalSection(SolutionConfigurationPlatforms) = preSolution
		Debug|Any CPU = Debug|Any CPU
		Release|Any CPU = Release|Any CPU
	EndGlobalSection
	GlobalSection(ProjectConfigurationPlatforms) = postSolution
		{4E351D8D-5567-4149-B004-E2EE7BC26DDB}.Debug|Any CPU.ActiveCfg = Debug|Any CPU
		{4E351D8D-5567-4149-B004-E2EE7BC26DDB}.Debug|Any CPU.Build.0 = Debug|Any CPU
		{4E351D8D-5567-4149-B004-E2EE7BC26DDB}.Release|Any CPU.ActiveCfg = Release|Any CPU
		{4E351D8D-5567-4149-B004-E2EE7BC26DDB}.Release|Any CPU.Build.0 = Release|Any CPU
	EndGlobalSection
	GlobalSection(SolutionProperties) = preSolution
		HideSolutionNode = FALSE
	EndGlobalSection
	GlobalSection(ExtensibilityGlobals) = postSolution
		SolutionGuid = {ABA7C4B9-D709-4269-A83D-E2AC1055375D}
	EndGlobalSection
EndGlobal
